
Microsoft Visual Studio Solution File, Format Version 12.00
# Visual Studio Version 16
VisualStudioVersion = 16.0.31702.278
MinimumVisualStudioVersion = 10.0.40219.1
Project("{FAE04EC0-301F-11D3-BF4B-00C04F79EFBC}") = "vek_1", "vek_1\vek_1.csproj", "{A51BF3EE-C4D3-407C-BE20-C0E3B320066E}"
EndProject
Global
	GlobalSection(SolutionConfigurationPlatforms) = preSolution
		Debug|Any CPU = Debug|Any CPU
		Release|Any CPU = Release|Any CPU
	EndGlobalSection
	GlobalSection(ProjectConfigurationPlatforms) = postSolution
		{A51BF3EE-C4D3-407C-BE20-C0E3B320066E}.Debug|Any CPU.ActiveCfg = Debug|Any CPU
		{A51BF3EE-C4D3-407C-BE20-C0E3B320066E}.Debug|Any CPU.Build.0 = Debug|Any CPU
		{A51BF3EE-C4D3-407C-BE20-C0E3B320066E}.Release|Any CPU.ActiveCfg = Release|Any CPU
		{A51BF3EE-C4D3-407C-BE20-C0E3B320066E}.Release|Any CPU.Build.0 = Release|Any CPU
	EndGlobalSection
	GlobalSection(SolutionProperties) = preSolution
		HideSolutionNode = FALSE
	EndGlobalSection
	GlobalSection(ExtensibilityGlobals) = postSolution
		SolutionGuid = {652EBF85-A618-4E5D-9152-AC810C3BDA3C}
	EndGlobalSection
EndGlobal
